
Microsoft Visual Studio Solution File, Format Version 12.00
Project("{FAE04EC0-301F-11D3-BF4B-00C04F79EFBC}") = "FluentAPI.Tests", "src\FluentAPI.Tests\FluentAPI.Tests.csproj", "{895A57C5-F88E-4CC0-8699-97F5A52DDB4C}"
EndProject
Project("{FAE04EC0-301F-11D3-BF4B-00C04F79EFBC}") = "FluentAPI", "src\FluentAPI\FluentAPI.csproj", "{5B582471-4B7F-4958-A92C-9DC29A675CF4}"
EndProject
Global
	GlobalSection(SolutionConfigurationPlatforms) = preSolution
		Debug|Any CPU = Debug|Any CPU
		Release|Any CPU = Release|Any CPU
	EndGlobalSection
	GlobalSection(ProjectConfigurationPlatforms) = postSolution
		{895A57C5-F88E-4CC0-8699-97F5A52DDB4C}.Debug|Any CPU.ActiveCfg = Debug|Any CPU
		{895A57C5-F88E-4CC0-8699-97F5A52DDB4C}.Debug|Any CPU.Build.0 = Debug|Any CPU
		{895A57C5-F88E-4CC0-8699-97F5A52DDB4C}.Release|Any CPU.ActiveCfg = Release|Any CPU
		{895A57C5-F88E-4CC0-8699-97F5A52DDB4C}.Release|Any CPU.Build.0 = Release|Any CPU
		{5B582471-4B7F-4958-A92C-9DC29A675CF4}.Debug|Any CPU.ActiveCfg = Debug|Any CPU
		{5B582471-4B7F-4958-A92C-9DC29A675CF4}.Debug|Any CPU.Build.0 = Debug|Any CPU
		{5B582471-4B7F-4958-A92C-9DC29A675CF4}.Release|Any CPU.ActiveCfg = Release|Any CPU
		{5B582471-4B7F-4958-A92C-9DC29A675CF4}.Release|Any CPU.Build.0 = Release|Any CPU
	EndGlobalSection
EndGlobal
